
Microsoft Visual Studio Solution File, Format Version 12.00
# Visual Studio 15
VisualStudioVersion = 15.0.28010.2036
MinimumVisualStudioVersion = 10.0.40219.1
Project("{8BC9CEB8-8B4A-11D0-8D11-00A0C91BC942}") = "JT808Controller", "..\JT808Controller\JT808Controller.vcxproj", "{9C56B6E2-E5C2-4CFD-A894-42FCD6E972B2}"
EndProject
Project("{8BC9CEB8-8B4A-11D0-8D11-00A0C91BC942}") = "VirtualTerminal", "..\VirtualTerminal\VirtualTerminal.vcxproj", "{FC9186BB-85E9-462E-9E63-403DA2851F3C}"
EndProject
Global
	GlobalSection(SolutionConfigurationPlatforms) = preSolution
		Debug|x64 = Debug|x64
		Debug|x86 = Debug|x86
		Release|x64 = Release|x64
		Release|x86 = Release|x86
	EndGlobalSection
	GlobalSection(ProjectConfigurationPlatforms) = postSolution
		{9C56B6E2-E5C2-4CFD-A894-42FCD6E972B2}.Debug|x64.ActiveCfg = Debug|x64
		{9C56B6E2-E5C2-4CFD-A894-42FCD6E972B2}.Debug|x64.Build.0 = Debug|x64
		{9C56B6E2-E5C2-4CFD-A894-42FCD6E972B2}.Debug|x86.ActiveCfg = Debug|Win32
		{9C56B6E2-E5C2-4CFD-A894-42FCD6E972B2}.Debug|x86.Build.0 = Debug|Win32
		{9C56B6E2-E5C2-4CFD-A894-42FCD6E972B2}.Release|x64.ActiveCfg = Release|x64
		{9C56B6E2-E5C2-4CFD-A894-42FCD6E972B2}.Release|x64.Build.0 = Release|x64
		{9C56B6E2-E5C2-4CFD-A894-42FCD6E972B2}.Release|x86.ActiveCfg = Release|Win32
		{9C56B6E2-E5C2-4CFD-A894-42FCD6E972B2}.Release|x86.Build.0 = Release|Win32
		{FC9186BB-85E9-462E-9E63-403DA2851F3C}.Debug|x64.ActiveCfg = Debug|x64
		{FC9186BB-85E9-462E-9E63-403DA2851F3C}.Debug|x64.Build.0 = Debug|x64
		{FC9186BB-85E9-462E-9E63-403DA2851F3C}.Debug|x86.ActiveCfg = Debug|Win32
		{FC9186BB-85E9-462E-9E63-403DA2851F3C}.Debug|x86.Build.0 = Debug|Win32
		{FC9186BB-85E9-462E-9E63-403DA2851F3C}.Release|x64.ActiveCfg = Release|x64
		{FC9186BB-85E9-462E-9E63-403DA2851F3C}.Release|x64.Build.0 = Release|x64
		{FC9186BB-85E9-462E-9E63-403DA2851F3C}.Release|x86.ActiveCfg = Release|Win32
		{FC9186BB-85E9-462E-9E63-403DA2851F3C}.Release|x86.Build.0 = Release|Win32
	EndGlobalSection
	GlobalSection(SolutionProperties) = preSolution
		HideSolutionNode = FALSE
	EndGlobalSection
	GlobalSection(ExtensibilityGlobals) = postSolution
		SolutionGuid = {CD752EAE-AD3C-465E-81C2-216EFAC11E12}
	EndGlobalSection
EndGlobal
